
Microsoft Visual Studio Solution File, Format Version 12.00
# Visual Studio Version 16
VisualStudioVersion = 16.0.31005.135
MinimumVisualStudioVersion = 10.0.40219.1
Project("{9A19103F-16F7-4668-BE54-9A1E7A4F7556}") = "ATA.Check.Api", "ATA.Check.Api\ATA.Check.Api.csproj", "{2DE56029-55BA-40B4-815C-D673F819934C}"
EndProject
Project("{9A19103F-16F7-4668-BE54-9A1E7A4F7556}") = "ATA.Check.Web", "ATA.Check.Web\ATA.Check.Web.csproj", "{BBA4CC92-D38D-4726-BC72-6CF8D1B060E1}"
EndProject
Project("{9A19103F-16F7-4668-BE54-9A1E7A4F7556}") = "ATA.Check.Shared", "ATA.Check.Shared\ATA.Check.Shared.csproj", "{4F37E1BF-CCB2-4A09-8A89-9A23E918B867}"
EndProject
Project("{2150E333-8FDC-42A3-9474-1A3956D46DE8}") = "SolutionItems", "SolutionItems", "{D6C5EC42-7DCA-4F3D-B849-0B6208DC7384}"
	ProjectSection(SolutionItems) = preProject
		.gitignore = .gitignore
		BitConfig.json = BitConfig.json
		Clean.bat = Clean.bat
		Directory.build.props = Directory.build.props
		README.md = README.md
	EndProjectSection
EndProject
Project("{D954291E-2A0B-460D-934E-DC6B0785DB48}") = "Documents", "SolutionItems\Documents\Documents.shproj", "{16E0D272-D3F5-4E59-B4E8-D36E0A109997}"
EndProject
Global
	GlobalSection(SharedMSBuildProjectFiles) = preSolution
		SolutionItems\Documents\Documents.projitems*{16e0d272-d3f5-4e59-b4e8-d36e0a109997}*SharedItemsImports = 13
	EndGlobalSection
	GlobalSection(SolutionConfigurationPlatforms) = preSolution
		Debug|Any CPU = Debug|Any CPU
		Release|Any CPU = Release|Any CPU
	EndGlobalSection
	GlobalSection(ProjectConfigurationPlatforms) = postSolution
		{2DE56029-55BA-40B4-815C-D673F819934C}.Debug|Any CPU.ActiveCfg = Debug|Any CPU
		{2DE56029-55BA-40B4-815C-D673F819934C}.Debug|Any CPU.Build.0 = Debug|Any CPU
		{2DE56029-55BA-40B4-815C-D673F819934C}.Release|Any CPU.ActiveCfg = Release|Any CPU
		{2DE56029-55BA-40B4-815C-D673F819934C}.Release|Any CPU.Build.0 = Release|Any CPU
		{BBA4CC92-D38D-4726-BC72-6CF8D1B060E1}.Debug|Any CPU.ActiveCfg = Debug|Any CPU
		{BBA4CC92-D38D-4726-BC72-6CF8D1B060E1}.Debug|Any CPU.Build.0 = Debug|Any CPU
		{BBA4CC92-D38D-4726-BC72-6CF8D1B060E1}.Release|Any CPU.ActiveCfg = Release|Any CPU
		{BBA4CC92-D38D-4726-BC72-6CF8D1B060E1}.Release|Any CPU.Build.0 = Release|Any CPU
		{4F37E1BF-CCB2-4A09-8A89-9A23E918B867}.Debug|Any CPU.ActiveCfg = Debug|Any CPU
		{4F37E1BF-CCB2-4A09-8A89-9A23E918B867}.Debug|Any CPU.Build.0 = Debug|Any CPU
		{4F37E1BF-CCB2-4A09-8A89-9A23E918B867}.Release|Any CPU.ActiveCfg = Release|Any CPU
		{4F37E1BF-CCB2-4A09-8A89-9A23E918B867}.Release|Any CPU.Build.0 = Release|Any CPU
	EndGlobalSection
	GlobalSection(SolutionProperties) = preSolution
		HideSolutionNode = FALSE
	EndGlobalSection
	GlobalSection(NestedProjects) = preSolution
		{16E0D272-D3F5-4E59-B4E8-D36E0A109997} = {D6C5EC42-7DCA-4F3D-B849-0B6208DC7384}
	EndGlobalSection
	GlobalSection(ExtensibilityGlobals) = postSolution
		SolutionGuid = {4C9EAE5E-7C13-42B7-BC15-97CB2B0E2B61}
	EndGlobalSection
EndGlobal
